
Microsoft Visual Studio Solution File, Format Version 12.00
# Visual Studio Version 17
VisualStudioVersion = 17.7.34031.279
MinimumVisualStudioVersion = 10.0.40219.1
Project("{FAE04EC0-301F-11D3-BF4B-00C04F79EFBC}") = "22.Static_Methods_and_Classes", "22.Static_Methods_and_Classes.csproj", "{4B018504-93C4-4C16-9F01-C9BAEA4BC1B2}"
EndProject
Global
	GlobalSection(SolutionConfigurationPlatforms) = preSolution
		Debug|Any CPU = Debug|Any CPU
		Release|Any CPU = Release|Any CPU
	EndGlobalSection
	GlobalSection(ProjectConfigurationPlatforms) = postSolution
		{4B018504-93C4-4C16-9F01-C9BAEA4BC1B2}.Debug|Any CPU.ActiveCfg = Debug|Any CPU
		{4B018504-93C4-4C16-9F01-C9BAEA4BC1B2}.Debug|Any CPU.Build.0 = Debug|Any CPU
		{4B018504-93C4-4C16-9F01-C9BAEA4BC1B2}.Release|Any CPU.ActiveCfg = Release|Any CPU
		{4B018504-93C4-4C16-9F01-C9BAEA4BC1B2}.Release|Any CPU.Build.0 = Release|Any CPU
	EndGlobalSection
	GlobalSection(SolutionProperties) = preSolution
		HideSolutionNode = FALSE
	EndGlobalSection
	GlobalSection(ExtensibilityGlobals) = postSolution
		SolutionGuid = {469650EA-59E6-4849-B55B-7E27A6345ECE}
	EndGlobalSection
EndGlobal
